
Microsoft Visual Studio Solution File, Format Version 12.00
Project("{2150E333-8FDC-42A3-9474-1A3956D46DE8}") = "src", "src", "{95E83D3E-064E-4B2E-A26E-FB8C9210BE59}"
EndProject
Project("{FAE04EC0-301F-11D3-BF4B-00C04F79EFBC}") = "ImageRandomizer", "src\ImageRandomizer.csproj", "{BDA34351-A21D-4C48-AFA9-9F5A988034F5}"
EndProject
Global
	GlobalSection(SolutionConfigurationPlatforms) = preSolution
		Debug|Any CPU = Debug|Any CPU
		Release|Any CPU = Release|Any CPU
	EndGlobalSection
	GlobalSection(ProjectConfigurationPlatforms) = postSolution
		{078D72B2-D607-49E1-A8A7-757A4A4984A6}.Debug|Any CPU.ActiveCfg = Debug|Any CPU
		{078D72B2-D607-49E1-A8A7-757A4A4984A6}.Debug|Any CPU.Build.0 = Debug|Any CPU
		{078D72B2-D607-49E1-A8A7-757A4A4984A6}.Release|Any CPU.ActiveCfg = Release|Any CPU
		{078D72B2-D607-49E1-A8A7-757A4A4984A6}.Release|Any CPU.Build.0 = Release|Any CPU
		{BDA34351-A21D-4C48-AFA9-9F5A988034F5}.Debug|Any CPU.ActiveCfg = Debug|Any CPU
		{BDA34351-A21D-4C48-AFA9-9F5A988034F5}.Debug|Any CPU.Build.0 = Debug|Any CPU
		{BDA34351-A21D-4C48-AFA9-9F5A988034F5}.Release|Any CPU.ActiveCfg = Release|Any CPU
		{BDA34351-A21D-4C48-AFA9-9F5A988034F5}.Release|Any CPU.Build.0 = Release|Any CPU
	EndGlobalSection
	GlobalSection(NestedProjects) = preSolution
		{BDA34351-A21D-4C48-AFA9-9F5A988034F5} = {95E83D3E-064E-4B2E-A26E-FB8C9210BE59}
	EndGlobalSection
EndGlobal
